// !$*UTF8*$!
{
	archiveVersion = 1;
	classes = {
	};
	objectVersion = 48;
	objects = {

/* Begin PBXBuildFile section */
		34CF356120B83E1D00EA5B4F /* CurrentWeatherViewModel.swift in Sources */ = {isa = PBXBuildFile; fileRef = 34CF356020B83E1D00EA5B4F /* CurrentWeatherViewModel.swift */; };
		34CF356320B83F3300EA5B4F /* UIImage.swift in Sources */ = {isa = PBXBuildFile; fileRef = 34CF356220B83F3300EA5B4F /* UIImage.swift */; };
		34CF356520B843F300EA5B4F /* CurrentWeatherUITests.swift in Sources */ = {isa = PBXBuildFile; fileRef = 34CF356420B843F300EA5B4F /* CurrentWeatherUITests.swift */; };
		34CF356720B855AA00EA5B4F /* WeekWeatherViewController.swift in Sources */ = {isa = PBXBuildFile; fileRef = 34CF356620B855AA00EA5B4F /* WeekWeatherViewController.swift */; };
		34CF356A20B8569100EA5B4F /* WeekWeatherTableViewCell.swift in Sources */ = {isa = PBXBuildFile; fileRef = 34CF356920B8569100EA5B4F /* WeekWeatherTableViewCell.swift */; };
		34CF356C20B85BDB00EA5B4F /* ForecastData.swift in Sources */ = {isa = PBXBuildFile; fileRef = 34CF356B20B85BDB00EA5B4F /* ForecastData.swift */; };
		34CF356E20B85C3600EA5B4F /* WeekWeatherViewModel.swift in Sources */ = {isa = PBXBuildFile; fileRef = 34CF356D20B85C3600EA5B4F /* WeekWeatherViewModel.swift */; };
		34CF357020B8F67500EA5B4F /* UserDefaults.swift in Sources */ = {isa = PBXBuildFile; fileRef = 34CF356F20B8F67500EA5B4F /* UserDefaults.swift */; };
		34CF357420B8FBAA00EA5B4F /* SettingsTableViewCell.swift in Sources */ = {isa = PBXBuildFile; fileRef = 34CF357320B8FBAA00EA5B4F /* SettingsTableViewCell.swift */; };
		34CF357620B8FC5C00EA5B4F /* SettingsTableViewController.swift in Sources */ = {isa = PBXBuildFile; fileRef = 34CF357520B8FC5C00EA5B4F /* SettingsTableViewController.swift */; };
		34CF357920B90B9500EA5B4F /* SettingsDateViewModel.swift in Sources */ = {isa = PBXBuildFile; fileRef = 34CF357820B90B9500EA5B4F /* SettingsDateViewModel.swift */; };
		34CF357B20B90BA700EA5B4F /* SettingsTemperatureViewModel.swift in Sources */ = {isa = PBXBuildFile; fileRef = 34CF357A20B90BA700EA5B4F /* SettingsTemperatureViewModel.swift */; };
		34CF357E20B911C600EA5B4F /* SettingsContent.swift in Sources */ = {isa = PBXBuildFile; fileRef = 34CF357D20B911C600EA5B4F /* SettingsContent.swift */; };
		34CF358020B913EB00EA5B4F /* WeekWeatherDayViewModel.swift in Sources */ = {isa = PBXBuildFile; fileRef = 34CF357F20B913EB00EA5B4F /* WeekWeatherDayViewModel.swift */; };
		34CF358320B915BB00EA5B4F /* WeekWeatherDayRepresentable.swift in Sources */ = {isa = PBXBuildFile; fileRef = 34CF358220B915BB00EA5B4F /* WeekWeatherDayRepresentable.swift */; };
		34CF358620B9222100EA5B4F /* XCTestCase.swift in Sources */ = {isa = PBXBuildFile; fileRef = 34CF358520B9222100EA5B4F /* XCTestCase.swift */; };
		34CF358920B922C800EA5B4F /* DarkSky.json in Resources */ = {isa = PBXBuildFile; fileRef = 34CF358820B922C800EA5B4F /* DarkSky.json */; };
		34CF358D20B923B000EA5B4F /* SettingsDateViewModelTests.swift in Sources */ = {isa = PBXBuildFile; fileRef = 34CF358C20B923B000EA5B4F /* SettingsDateViewModelTests.swift */; };
		34CF358F20B926B400EA5B4F /* CurrentWeatherViewModelTest.swift in Sources */ = {isa = PBXBuildFile; fileRef = 34CF358E20B926B400EA5B4F /* CurrentWeatherViewModelTest.swift */; };
		34CF359120B926C600EA5B4F /* WeekWeatherViewModel.swift in Sources */ = {isa = PBXBuildFile; fileRef = 34CF359020B926C600EA5B4F /* WeekWeatherViewModel.swift */; };
		34CF359320B926D500EA5B4F /* WeekWeatherDayViewMode.swift in Sources */ = {isa = PBXBuildFile; fileRef = 34CF359220B926D500EA5B4F /* WeekWeatherDayViewMode.swift */; };
		34CF359620B9392B00EA5B4F /* LocationsViewController.swift in Sources */ = {isa = PBXBuildFile; fileRef = 34CF359520B9392B00EA5B4F /* LocationsViewController.swift */; };
		34CF359A20B93A1F00EA5B4F /* AddLocationViewController.swift in Sources */ = {isa = PBXBuildFile; fileRef = 34CF359920B93A1F00EA5B4F /* AddLocationViewController.swift */; };
		34CF359D20B93AA400EA5B4F /* LocationTableViewCell.swift in Sources */ = {isa = PBXBuildFile; fileRef = 34CF359C20B93AA400EA5B4F /* LocationTableViewCell.swift */; };
		34CF35A020B93B2800EA5B4F /* LocationRepresentable.swift in Sources */ = {isa = PBXBuildFile; fileRef = 34CF359F20B93B2800EA5B4F /* LocationRepresentable.swift */; };
		34CF35A320B93B5E00EA5B4F /* LocationsViewModel.swift in Sources */ = {isa = PBXBuildFile; fileRef = 34CF35A220B93B5E00EA5B4F /* LocationsViewModel.swift */; };
		34CF35A520B93C6F00EA5B4F /* CLLocation.swift in Sources */ = {isa = PBXBuildFile; fileRef = 34CF35A420B93C6F00EA5B4F /* CLLocation.swift */; };
		34CF35A720B955AD00EA5B4F /* AddLocationViewModel.swift in Sources */ = {isa = PBXBuildFile; fileRef = 34CF35A620B955AD00EA5B4F /* AddLocationViewModel.swift */; };
		34E9D78620B70A6100009894 /* Configuration.swift in Sources */ = {isa = PBXBuildFile; fileRef = 34E9D78520B70A6100009894 /* Configuration.swift */; };
		34E9D78920B70B9600009894 /* Location.swift in Sources */ = {isa = PBXBuildFile; fileRef = 34E9D78820B70B9600009894 /* Location.swift */; };
		34E9D78B20B70C1900009894 /* WeatherData.swift in Sources */ = {isa = PBXBuildFile; fileRef = 34E9D78A20B70C1900009894 /* WeatherData.swift */; };
		34E9D78E20B70DB300009894 /* WeatherDataManager.swift in Sources */ = {isa = PBXBuildFile; fileRef = 34E9D78D20B70DB300009894 /* WeatherDataManager.swift */; };
		34E9D79020B7153700009894 /* WeatherDataManagerTest.swift in Sources */ = {isa = PBXBuildFile; fileRef = 34E9D78F20B7153700009894 /* WeatherDataManagerTest.swift */; };
		34E9D79320B71A8500009894 /* URLSessionProtocol.swift in Sources */ = {isa = PBXBuildFile; fileRef = 34E9D79220B71A8500009894 /* URLSessionProtocol.swift */; };
		34E9D79620B792E100009894 /* URLSession.swift in Sources */ = {isa = PBXBuildFile; fileRef = 34E9D79520B792E100009894 /* URLSession.swift */; };
		34E9D79820B7932700009894 /* MockURLSession.swift in Sources */ = {isa = PBXBuildFile; fileRef = 34E9D79720B7932700009894 /* MockURLSession.swift */; };
		34E9D79A20B793B500009894 /* URLSessionDataTaskProtocol.swift in Sources */ = {isa = PBXBuildFile; fileRef = 34E9D79920B793B500009894 /* URLSessionDataTaskProtocol.swift */; };
		34E9D79C20B793DB00009894 /* URLSessionDataTask.swift in Sources */ = {isa = PBXBuildFile; fileRef = 34E9D79B20B793DB00009894 /* URLSessionDataTask.swift */; };
		34E9D79E20B7951D00009894 /* MockURLSessionDataTask.swift in Sources */ = {isa = PBXBuildFile; fileRef = 34E9D79D20B7951D00009894 /* MockURLSessionDataTask.swift */; };
		34E9D7A120B7B97400009894 /* WeatherViewController.swift in Sources */ = {isa = PBXBuildFile; fileRef = 34E9D7A020B7B97400009894 /* WeatherViewController.swift */; };
		34E9D7A320B7BDA400009894 /* CurrentWeatherViewController.swift in Sources */ = {isa = PBXBuildFile; fileRef = 34E9D7A220B7BDA400009894 /* CurrentWeatherViewController.swift */; };
		34E9D7A520B7C00700009894 /* Double.swift in Sources */ = {isa = PBXBuildFile; fileRef = 34E9D7A420B7C00700009894 /* Double.swift */; };
		34F325AE20B981E1004A68D0 /* CurrentLocationViewModel.swift in Sources */ = {isa = PBXBuildFile; fileRef = 34F325AD20B981E1004A68D0 /* CurrentLocationViewModel.swift */; };
		34F325B020B99010004A68D0 /* CLLocationManager+Rx.swift in Sources */ = {isa = PBXBuildFile; fileRef = 34F325AF20B99010004A68D0 /* CLLocationManager+Rx.swift */; };
		34F325B220B9A09F004A68D0 /* Date.swift in Sources */ = {isa = PBXBuildFile; fileRef = 34F325B120B9A09F004A68D0 /* Date.swift */; };
		34F325B420B9A8B6004A68D0 /* UIViewController.swift in Sources */ = {isa = PBXBuildFile; fileRef = 34F325B320B9A8B6004A68D0 /* UIViewController.swift */; };
		6890B8121F7CC25500ACB755 /* AppDelegate.swift in Sources */ = {isa = PBXBuildFile; fileRef = 6890B8111F7CC25500ACB755 /* AppDelegate.swift */; };
		6890B8141F7CC25500ACB755 /* RootViewController.swift in Sources */ = {isa = PBXBuildFile; fileRef = 6890B8131F7CC25500ACB755 /* RootViewController.swift */; };
		6890B8171F7CC25500ACB755 /* Main.storyboard in Resources */ = {isa = PBXBuildFile; fileRef = 6890B8151F7CC25500ACB755 /* Main.storyboard */; };
		6890B8191F7CC25500ACB755 /* Assets.xcassets in Resources */ = {isa = PBXBuildFile; fileRef = 6890B8181F7CC25500ACB755 /* Assets.xcassets */; };
		6890B81C1F7CC25500ACB755 /* LaunchScreen.storyboard in Resources */ = {isa = PBXBuildFile; fileRef = 6890B81A1F7CC25500ACB755 /* LaunchScreen.storyboard */; };
		6890B8461F7CC4D700ACB755 /* Default-568h@2x.png in Resources */ = {isa = PBXBuildFile; fileRef = 6890B8451F7CC4D700ACB755 /* Default-568h@2x.png */; };
		7318938A4D7F2CE835994261 /* Pods_Sky.framework in Frameworks */ = {isa = PBXBuildFile; fileRef = 96E2E5499594E13C20A037C8 /* Pods_Sky.framework */; };
/* End PBXBuildFile section */

/* Begin PBXContainerItemProxy section */
		6890B8231F7CC25500ACB755 /* PBXContainerItemProxy */ = {
			isa = PBXContainerItemProxy;
			containerPortal = 6890B8061F7CC25500ACB755 /* Project object */;
			proxyType = 1;
			remoteGlobalIDString = 6890B80D1F7CC25500ACB755;
			remoteInfo = Sky;
		};
		6890B82E1F7CC25500ACB755 /* PBXContainerItemProxy */ = {
			isa = PBXContainerItemProxy;
			containerPortal = 6890B8061F7CC25500ACB755 /* Project object */;
			proxyType = 1;
			remoteGlobalIDString = 6890B80D1F7CC25500ACB755;
			remoteInfo = Sky;
		};
/* End PBXContainerItemProxy section */

/* Begin PBXFileReference section */
		34CF356020B83E1D00EA5B4F /* CurrentWeatherViewModel.swift */ = {isa = PBXFileReference; lastKnownFileType = sourcecode.swift; path = CurrentWeatherViewModel.swift; sourceTree = "<group>"; };
		34CF356220B83F3300EA5B4F /* UIImage.swift */ = {isa = PBXFileReference; lastKnownFileType = sourcecode.swift; path = UIImage.swift; sourceTree = "<group>"; };
		34CF356420B843F300EA5B4F /* CurrentWeatherUITests.swift */ = {isa = PBXFileReference; lastKnownFileType = sourcecode.swift; path = CurrentWeatherUITests.swift; sourceTree = "<group>"; };
		34CF356620B855AA00EA5B4F /* WeekWeatherViewController.swift */ = {isa = PBXFileReference; lastKnownFileType = sourcecode.swift; path = WeekWeatherViewController.swift; sourceTree = "<group>"; };
		34CF356920B8569100EA5B4F /* WeekWeatherTableViewCell.swift */ = {isa = PBXFileReference; lastKnownFileType = sourcecode.swift; path = WeekWeatherTableViewCell.swift; sourceTree = "<group>"; };
		34CF356B20B85BDB00EA5B4F /* ForecastData.swift */ = {isa = PBXFileReference; lastKnownFileType = sourcecode.swift; path = ForecastData.swift; sourceTree = "<group>"; };
		34CF356D20B85C3600EA5B4F /* WeekWeatherViewModel.swift */ = {isa = PBXFileReference; lastKnownFileType = sourcecode.swift; path = WeekWeatherViewModel.swift; sourceTree = "<group>"; };
		34CF356F20B8F67500EA5B4F /* UserDefaults.swift */ = {isa = PBXFileReference; lastKnownFileType = sourcecode.swift; path = UserDefaults.swift; sourceTree = "<group>"; };
		34CF357320B8FBAA00EA5B4F /* SettingsTableViewCell.swift */ = {isa = PBXFileReference; lastKnownFileType = sourcecode.swift; path = SettingsTableViewCell.swift; sourceTree = "<group>"; };
		34CF357520B8FC5C00EA5B4F /* SettingsTableViewController.swift */ = {isa = PBXFileReference; lastKnownFileType = sourcecode.swift; path = SettingsTableViewController.swift; sourceTree = "<group>"; };
		34CF357820B90B9500EA5B4F /* SettingsDateViewModel.swift */ = {isa = PBXFileReference; lastKnownFileType = sourcecode.swift; path = SettingsDateViewModel.swift; sourceTree = "<group>"; };
		34CF357A20B90BA700EA5B4F /* SettingsTemperatureViewModel.swift */ = {isa = PBXFileReference; lastKnownFileType = sourcecode.swift; path = SettingsTemperatureViewModel.swift; sourceTree = "<group>"; };
		34CF357D20B911C600EA5B4F /* SettingsContent.swift */ = {isa = PBXFileReference; lastKnownFileType = sourcecode.swift; path = SettingsContent.swift; sourceTree = "<group>"; };
		34CF357F20B913EB00EA5B4F /* WeekWeatherDayViewModel.swift */ = {isa = PBXFileReference; lastKnownFileType = sourcecode.swift; path = WeekWeatherDayViewModel.swift; sourceTree = "<group>"; };
		34CF358220B915BB00EA5B4F /* WeekWeatherDayRepresentable.swift */ = {isa = PBXFileReference; lastKnownFileType = sourcecode.swift; path = WeekWeatherDayRepresentable.swift; sourceTree = "<group>"; };
		34CF358520B9222100EA5B4F /* XCTestCase.swift */ = {isa = PBXFileReference; lastKnownFileType = sourcecode.swift; path = XCTestCase.swift; sourceTree = "<group>"; };
		34CF358820B922C800EA5B4F /* DarkSky.json */ = {isa = PBXFileReference; fileEncoding = 4; lastKnownFileType = text.json; path = DarkSky.json; sourceTree = "<group>"; };
		34CF358C20B923B000EA5B4F /* SettingsDateViewModelTests.swift */ = {isa = PBXFileReference; lastKnownFileType = sourcecode.swift; path = SettingsDateViewModelTests.swift; sourceTree = "<group>"; };
		34CF358E20B926B400EA5B4F /* CurrentWeatherViewModelTest.swift */ = {isa = PBXFileReference; lastKnownFileType = sourcecode.swift; path = CurrentWeatherViewModelTest.swift; sourceTree = "<group>"; };
		34CF359020B926C600EA5B4F /* WeekWeatherViewModel.swift */ = {isa = PBXFileReference; lastKnownFileType = sourcecode.swift; path = WeekWeatherViewModel.swift; sourceTree = "<group>"; };
		34CF359220B926D500EA5B4F /* WeekWeatherDayViewMode.swift */ = {isa = PBXFileReference; lastKnownFileType = sourcecode.swift; path = WeekWeatherDayViewMode.swift; sourceTree = "<group>"; };
		34CF359520B9392B00EA5B4F /* LocationsViewController.swift */ = {isa = PBXFileReference; lastKnownFileType = sourcecode.swift; path = LocationsViewController.swift; sourceTree = "<group>"; };
		34CF359920B93A1F00EA5B4F /* AddLocationViewController.swift */ = {isa = PBXFileReference; lastKnownFileType = sourcecode.swift; path = AddLocationViewController.swift; sourceTree = "<group>"; };
		34CF359C20B93AA400EA5B4F /* LocationTableViewCell.swift */ = {isa = PBXFileReference; lastKnownFileType = sourcecode.swift; path = LocationTableViewCell.swift; sourceTree = "<group>"; };
		34CF359F20B93B2800EA5B4F /* LocationRepresentable.swift */ = {isa = PBXFileReference; lastKnownFileType = sourcecode.swift; path = LocationRepresentable.swift; sourceTree = "<group>"; };
		34CF35A220B93B5E00EA5B4F /* LocationsViewModel.swift */ = {isa = PBXFileReference; lastKnownFileType = sourcecode.swift; path = LocationsViewModel.swift; sourceTree = "<group>"; };
		34CF35A420B93C6F00EA5B4F /* CLLocation.swift */ = {isa = PBXFileReference; lastKnownFileType = sourcecode.swift; path = CLLocation.swift; sourceTree = "<group>"; };
		34CF35A620B955AD00EA5B4F /* AddLocationViewModel.swift */ = {isa = PBXFileReference; lastKnownFileType = sourcecode.swift; path = AddLocationViewModel.swift; sourceTree = "<group>"; };
		34E9D78520B70A6100009894 /* Configuration.swift */ = {isa = PBXFileReference; lastKnownFileType = sourcecode.swift; path = Configuration.swift; sourceTree = "<group>"; };
		34E9D78820B70B9600009894 /* Location.swift */ = {isa = PBXFileReference; lastKnownFileType = sourcecode.swift; path = Location.swift; sourceTree = "<group>"; };
		34E9D78A20B70C1900009894 /* WeatherData.swift */ = {isa = PBXFileReference; lastKnownFileType = sourcecode.swift; path = WeatherData.swift; sourceTree = "<group>"; };
		34E9D78D20B70DB300009894 /* WeatherDataManager.swift */ = {isa = PBXFileReference; lastKnownFileType = sourcecode.swift; path = WeatherDataManager.swift; sourceTree = "<group>"; };
		34E9D78F20B7153700009894 /* WeatherDataManagerTest.swift */ = {isa = PBXFileReference; lastKnownFileType = sourcecode.swift; path = WeatherDataManagerTest.swift; sourceTree = "<group>"; };
		34E9D79220B71A8500009894 /* URLSessionProtocol.swift */ = {isa = PBXFileReference; lastKnownFileType = sourcecode.swift; path = URLSessionProtocol.swift; sourceTree = "<group>"; };
		34E9D79520B792E100009894 /* URLSession.swift */ = {isa = PBXFileReference; lastKnownFileType = sourcecode.swift; path = URLSession.swift; sourceTree = "<group>"; };
		34E9D79720B7932700009894 /* MockURLSession.swift */ = {isa = PBXFileReference; lastKnownFileType = sourcecode.swift; path = MockURLSession.swift; sourceTree = "<group>"; };
		34E9D79920B793B500009894 /* URLSessionDataTaskProtocol.swift */ = {isa = PBXFileReference; lastKnownFileType = sourcecode.swift; path = URLSessionDataTaskProtocol.swift; sourceTree = "<group>"; };
		34E9D79B20B793DB00009894 /* URLSessionDataTask.swift */ = {isa = PBXFileReference; lastKnownFileType = sourcecode.swift; path = URLSessionDataTask.swift; sourceTree = "<group>"; };
		34E9D79D20B7951D00009894 /* MockURLSessionDataTask.swift */ = {isa = PBXFileReference; lastKnownFileType = sourcecode.swift; path = MockURLSessionDataTask.swift; sourceTree = "<group>"; };
		34E9D7A020B7B97400009894 /* WeatherViewController.swift */ = {isa = PBXFileReference; lastKnownFileType = sourcecode.swift; path = WeatherViewController.swift; sourceTree = "<group>"; };
		34E9D7A220B7BDA400009894 /* CurrentWeatherViewController.swift */ = {isa = PBXFileReference; lastKnownFileType = sourcecode.swift; path = CurrentWeatherViewController.swift; sourceTree = "<group>"; };
		34E9D7A420B7C00700009894 /* Double.swift */ = {isa = PBXFileReference; lastKnownFileType = sourcecode.swift; path = Double.swift; sourceTree = "<group>"; };
		34F325AD20B981E1004A68D0 /* CurrentLocationViewModel.swift */ = {isa = PBXFileReference; lastKnownFileType = sourcecode.swift; path = CurrentLocationViewModel.swift; sourceTree = "<group>"; };
		34F325AF20B99010004A68D0 /* CLLocationManager+Rx.swift */ = {isa = PBXFileReference; lastKnownFileType = sourcecode.swift; path = "CLLocationManager+Rx.swift"; sourceTree = "<group>"; };
		34F325B120B9A09F004A68D0 /* Date.swift */ = {isa = PBXFileReference; lastKnownFileType = sourcecode.swift; path = Date.swift; sourceTree = "<group>"; };
		34F325B320B9A8B6004A68D0 /* UIViewController.swift */ = {isa = PBXFileReference; lastKnownFileType = sourcecode.swift; path = UIViewController.swift; sourceTree = "<group>"; };
		662C37290C47580F7D0D3651 /* Pods-Sky.debug.xcconfig */ = {isa = PBXFileReference; includeInIndex = 1; lastKnownFileType = text.xcconfig; name = "Pods-Sky.debug.xcconfig"; path = "Pods/Target Support Files/Pods-Sky/Pods-Sky.debug.xcconfig"; sourceTree = "<group>"; };
		6890B80E1F7CC25500ACB755 /* Sky.app */ = {isa = PBXFileReference; explicitFileType = wrapper.application; includeInIndex = 0; path = Sky.app; sourceTree = BUILT_PRODUCTS_DIR; };
		6890B8111F7CC25500ACB755 /* AppDelegate.swift */ = {isa = PBXFileReference; lastKnownFileType = sourcecode.swift; path = AppDelegate.swift; sourceTree = "<group>"; };
		6890B8131F7CC25500ACB755 /* RootViewController.swift */ = {isa = PBXFileReference; lastKnownFileType = sourcecode.swift; path = RootViewController.swift; sourceTree = "<group>"; };
		6890B8161F7CC25500ACB755 /* Base */ = {isa = PBXFileReference; lastKnownFileType = file.storyboard; name = Base; path = Base.lproj/Main.storyboard; sourceTree = "<group>"; };
		6890B8181F7CC25500ACB755 /* Assets.xcassets */ = {isa = PBXFileReference; lastKnownFileType = folder.assetcatalog; path = Assets.xcassets; sourceTree = "<group>"; };
		6890B81B1F7CC25500ACB755 /* Base */ = {isa = PBXFileReference; lastKnownFileType = file.storyboard; name = Base; path = Base.lproj/LaunchScreen.storyboard; sourceTree = "<group>"; };
		6890B81D1F7CC25500ACB755 /* Info.plist */ = {isa = PBXFileReference; lastKnownFileType = text.plist.xml; path = Info.plist; sourceTree = "<group>"; };
		6890B8221F7CC25500ACB755 /* SkyTests.xctest */ = {isa = PBXFileReference; explicitFileType = wrapper.cfbundle; includeInIndex = 0; path = SkyTests.xctest; sourceTree = BUILT_PRODUCTS_DIR; };
		6890B8281F7CC25500ACB755 /* Info.plist */ = {isa = PBXFileReference; lastKnownFileType = text.plist.xml; path = Info.plist; sourceTree = "<group>"; };
		6890B82D1F7CC25500ACB755 /* SkyUITests.xctest */ = {isa = PBXFileReference; explicitFileType = wrapper.cfbundle; includeInIndex = 0; path = SkyUITests.xctest; sourceTree = BUILT_PRODUCTS_DIR; };
		6890B8331F7CC25500ACB755 /* Info.plist */ = {isa = PBXFileReference; lastKnownFileType = text.plist.xml; path = Info.plist; sourceTree = "<group>"; };
		6890B8451F7CC4D700ACB755 /* Default-568h@2x.png */ = {isa = PBXFileReference; lastKnownFileType = image.png; path = "Default-568h@2x.png"; sourceTree = "<group>"; };
		96E2E5499594E13C20A037C8 /* Pods_Sky.framework */ = {isa = PBXFileReference; explicitFileType = wrapper.framework; includeInIndex = 0; path = Pods_Sky.framework; sourceTree = BUILT_PRODUCTS_DIR; };
		A3640F361F47BCC824DE138B /* Pods-Sky.release.xcconfig */ = {isa = PBXFileReference; includeInIndex = 1; lastKnownFileType = text.xcconfig; name = "Pods-Sky.release.xcconfig"; path = "Pods/Target Support Files/Pods-Sky/Pods-Sky.release.xcconfig"; sourceTree = "<group>"; };
/* End PBXFileReference section */

/* Begin PBXFrameworksBuildPhase section */
		6890B80B1F7CC25500ACB755 /* Frameworks */ = {
			isa = PBXFrameworksBuildPhase;
			buildActionMask = 2147483647;
			files = (
				7318938A4D7F2CE835994261 /* Pods_Sky.framework in Frameworks */,
			);
			runOnlyForDeploymentPostprocessing = 0;
		};
		6890B81F1F7CC25500ACB755 /* Frameworks */ = {
			isa = PBXFrameworksBuildPhase;
			buildActionMask = 2147483647;
			files = (
			);
			runOnlyForDeploymentPostprocessing = 0;
		};
		6890B82A1F7CC25500ACB755 /* Frameworks */ = {
			isa = PBXFrameworksBuildPhase;
			buildActionMask = 2147483647;
			files = (
			);
			runOnlyForDeploymentPostprocessing = 0;
		};
/* End PBXFrameworksBuildPhase section */

/* Begin PBXGroup section */
		1BA444C0BEB5BA057397E1C3 /* Pods */ = {
			isa = PBXGroup;
			children = (
				662C37290C47580F7D0D3651 /* Pods-Sky.debug.xcconfig */,
				A3640F361F47BCC824DE138B /* Pods-Sky.release.xcconfig */,
			);
			name = Pods;
			sourceTree = "<group>";
		};
		34CF355F20B83E0400EA5B4F /* ViewModels */ = {
			isa = PBXGroup;
			children = (
				34CF356020B83E1D00EA5B4F /* CurrentWeatherViewModel.swift */,
				34F325AD20B981E1004A68D0 /* CurrentLocationViewModel.swift */,
				34CF356D20B85C3600EA5B4F /* WeekWeatherViewModel.swift */,
				34CF357F20B913EB00EA5B4F /* WeekWeatherDayViewModel.swift */,
			);
			path = ViewModels;
			sourceTree = "<group>";
		};
		34CF356820B8566D00EA5B4F /* TableViewCells */ = {
			isa = PBXGroup;
			children = (
				34CF356920B8569100EA5B4F /* WeekWeatherTableViewCell.swift */,
			);
			path = TableViewCells;
			sourceTree = "<group>";
		};
		34CF357120B8FB7E00EA5B4F /* SettingsViewController */ = {
			isa = PBXGroup;
			children = (
				34CF357C20B911AF00EA5B4F /* Protocols */,
				34CF357720B90B7300EA5B4F /* ViewModels */,
				34CF357220B8FB9400EA5B4F /* TableViewCells */,
				34CF357520B8FC5C00EA5B4F /* SettingsTableViewController.swift */,
			);
			path = SettingsViewController;
			sourceTree = "<group>";
		};
		34CF357220B8FB9400EA5B4F /* TableViewCells */ = {
			isa = PBXGroup;
			children = (
				34CF357320B8FBAA00EA5B4F /* SettingsTableViewCell.swift */,
			);
			path = TableViewCells;
			sourceTree = "<group>";
		};
		34CF357720B90B7300EA5B4F /* ViewModels */ = {
			isa = PBXGroup;
			children = (
				34CF357820B90B9500EA5B4F /* SettingsDateViewModel.swift */,
				34CF357A20B90BA700EA5B4F /* SettingsTemperatureViewModel.swift */,
			);
			path = ViewModels;
			sourceTree = "<group>";
		};
		34CF357C20B911AF00EA5B4F /* Protocols */ = {
			isa = PBXGroup;
			children = (
				34CF357D20B911C600EA5B4F /* SettingsContent.swift */,
			);
			path = Protocols;
			sourceTree = "<group>";
		};
		34CF358120B915A700EA5B4F /* Protocols */ = {
			isa = PBXGroup;
			children = (
				34CF358220B915BB00EA5B4F /* WeekWeatherDayRepresentable.swift */,
			);
			path = Protocols;
			sourceTree = "<group>";
		};
		34CF358420B921E100EA5B4F /* Extensions */ = {
			isa = PBXGroup;
			children = (
				34CF358520B9222100EA5B4F /* XCTestCase.swift */,
			);
			path = Extensions;
			sourceTree = "<group>";
		};
		34CF358720B9228500EA5B4F /* Stubs */ = {
			isa = PBXGroup;
			children = (
				34CF358820B922C800EA5B4F /* DarkSky.json */,
				34E9D79720B7932700009894 /* MockURLSession.swift */,
				34E9D79D20B7951D00009894 /* MockURLSessionDataTask.swift */,
			);
			path = Stubs;
			sourceTree = "<group>";
		};
		34CF358A20B9230400EA5B4F /* SupportingFiles */ = {
			isa = PBXGroup;
			children = (
				6890B8281F7CC25500ACB755 /* Info.plist */,
			);
			path = SupportingFiles;
			sourceTree = "<group>";
		};
		34CF358B20B9231E00EA5B4F /* TestCases */ = {
			isa = PBXGroup;
			children = (
				34E9D78F20B7153700009894 /* WeatherDataManagerTest.swift */,
				34CF358C20B923B000EA5B4F /* SettingsDateViewModelTests.swift */,
				34CF358E20B926B400EA5B4F /* CurrentWeatherViewModelTest.swift */,
				34CF359020B926C600EA5B4F /* WeekWeatherViewModel.swift */,
				34CF359220B926D500EA5B4F /* WeekWeatherDayViewMode.swift */,
			);
			path = TestCases;
			sourceTree = "<group>";
		};
		34CF359420B938F900EA5B4F /* LocationsViewController */ = {
			isa = PBXGroup;
			children = (
				34CF35A120B93B4F00EA5B4F /* ViewModels */,
				34CF359E20B93B1700EA5B4F /* Protocols */,
				34CF359B20B93A8E00EA5B4F /* TableViewCells */,
				34CF359520B9392B00EA5B4F /* LocationsViewController.swift */,
				34CF359920B93A1F00EA5B4F /* AddLocationViewController.swift */,
			);
			path = LocationsViewController;
			sourceTree = "<group>";
		};
		34CF359B20B93A8E00EA5B4F /* TableViewCells */ = {
			isa = PBXGroup;
			children = (
				34CF359C20B93AA400EA5B4F /* LocationTableViewCell.swift */,
			);
			path = TableViewCells;
			sourceTree = "<group>";
		};
		34CF359E20B93B1700EA5B4F /* Protocols */ = {
			isa = PBXGroup;
			children = (
				34CF359F20B93B2800EA5B4F /* LocationRepresentable.swift */,
			);
			path = Protocols;
			sourceTree = "<group>";
		};
		34CF35A120B93B4F00EA5B4F /* ViewModels */ = {
			isa = PBXGroup;
			children = (
				34CF35A220B93B5E00EA5B4F /* LocationsViewModel.swift */,
				34CF35A620B955AD00EA5B4F /* AddLocationViewModel.swift */,
			);
			path = ViewModels;
			sourceTree = "<group>";
		};
		34E9D78420B70A4C00009894 /* Configuration */ = {
			isa = PBXGroup;
			children = (
				34E9D78520B70A6100009894 /* Configuration.swift */,
			);
			path = Configuration;
			sourceTree = "<group>";
		};
		34E9D78720B70B7900009894 /* Models */ = {
			isa = PBXGroup;
			children = (
				34E9D78820B70B9600009894 /* Location.swift */,
				34E9D78A20B70C1900009894 /* WeatherData.swift */,
				34CF356B20B85BDB00EA5B4F /* ForecastData.swift */,
			);
			path = Models;
			sourceTree = "<group>";
		};
		34E9D78C20B70DA700009894 /* Manager */ = {
			isa = PBXGroup;
			children = (
				34E9D78D20B70DB300009894 /* WeatherDataManager.swift */,
			);
			path = Manager;
			sourceTree = "<group>";
		};
		34E9D79120B71A7800009894 /* Protocols */ = {
			isa = PBXGroup;
			children = (
				34E9D79220B71A8500009894 /* URLSessionProtocol.swift */,
				34E9D79920B793B500009894 /* URLSessionDataTaskProtocol.swift */,
			);
			path = Protocols;
			sourceTree = "<group>";
		};
		34E9D79420B792CF00009894 /* Extensions */ = {
			isa = PBXGroup;
			children = (
				34E9D79520B792E100009894 /* URLSession.swift */,
				34CF35A420B93C6F00EA5B4F /* CLLocation.swift */,
				34E9D7A420B7C00700009894 /* Double.swift */,
				34E9D79B20B793DB00009894 /* URLSessionDataTask.swift */,
				34CF356220B83F3300EA5B4F /* UIImage.swift */,
				34CF356F20B8F67500EA5B4F /* UserDefaults.swift */,
				34F325B120B9A09F004A68D0 /* Date.swift */,
				34F325B320B9A8B6004A68D0 /* UIViewController.swift */,
				34F325AF20B99010004A68D0 /* CLLocationManager+Rx.swift */,
			);
			path = Extensions;
			sourceTree = "<group>";
		};
		34E9D79F20B7B93D00009894 /* WeatherViewControllers */ = {
			isa = PBXGroup;
			children = (
				34CF358120B915A700EA5B4F /* Protocols */,
				34CF356820B8566D00EA5B4F /* TableViewCells */,
				34CF355F20B83E0400EA5B4F /* ViewModels */,
				34E9D7A020B7B97400009894 /* WeatherViewController.swift */,
				34E9D7A220B7BDA400009894 /* CurrentWeatherViewController.swift */,
				34CF356620B855AA00EA5B4F /* WeekWeatherViewController.swift */,
			);
			path = WeatherViewControllers;
			sourceTree = "<group>";
		};
		34E9D7A620B7CAA100009894 /* RootViewController */ = {
			isa = PBXGroup;
			children = (
				6890B8131F7CC25500ACB755 /* RootViewController.swift */,
			);
			path = RootViewController;
			sourceTree = "<group>";
		};
		6890B8051F7CC25500ACB755 = {
			isa = PBXGroup;
			children = (
				6890B8451F7CC4D700ACB755 /* Default-568h@2x.png */,
				6890B8101F7CC25500ACB755 /* Sky */,
				6890B8251F7CC25500ACB755 /* SkyTests */,
				6890B8301F7CC25500ACB755 /* SkyUITests */,
				6890B80F1F7CC25500ACB755 /* Products */,
				1BA444C0BEB5BA057397E1C3 /* Pods */,
				7471EE52240C16151A52B232 /* Frameworks */,
			);
			sourceTree = "<group>";
		};
		6890B80F1F7CC25500ACB755 /* Products */ = {
			isa = PBXGroup;
			children = (
				6890B80E1F7CC25500ACB755 /* Sky.app */,
				6890B8221F7CC25500ACB755 /* SkyTests.xctest */,
				6890B82D1F7CC25500ACB755 /* SkyUITests.xctest */,
			);
			name = Products;
			sourceTree = "<group>";
		};
		6890B8101F7CC25500ACB755 /* Sky */ = {
			isa = PBXGroup;
			children = (
				34E9D79420B792CF00009894 /* Extensions */,
				34E9D79120B71A7800009894 /* Protocols */,
				34E9D78C20B70DA700009894 /* Manager */,
				6890B8401F7CC3AD00ACB755 /* Delegates */,
				34E9D78720B70B7900009894 /* Models */,
				6890B8441F7CC3CF00ACB755 /* ViewControllers */,
				6890B8421F7CC3BF00ACB755 /* Storyboards */,
				34E9D78420B70A4C00009894 /* Configuration */,
				6890B8411F7CC3B200ACB755 /* Resources */,
				6890B8431F7CC3C600ACB755 /* SupportingFiles */,
			);
			path = Sky;
			sourceTree = "<group>";
		};
		6890B8251F7CC25500ACB755 /* SkyTests */ = {
			isa = PBXGroup;
			children = (
				34CF358420B921E100EA5B4F /* Extensions */,
				34CF358720B9228500EA5B4F /* Stubs */,
				34CF358A20B9230400EA5B4F /* SupportingFiles */,
				34CF358B20B9231E00EA5B4F /* TestCases */,
			);
			path = SkyTests;
			sourceTree = "<group>";
		};
		6890B8301F7CC25500ACB755 /* SkyUITests */ = {
			isa = PBXGroup;
			children = (
				6890B8331F7CC25500ACB755 /* Info.plist */,
				34CF356420B843F300EA5B4F /* CurrentWeatherUITests.swift */,
			);
			path = SkyUITests;
			sourceTree = "<group>";
		};
		6890B8401F7CC3AD00ACB755 /* Delegates */ = {
			isa = PBXGroup;
			children = (
				6890B8111F7CC25500ACB755 /* AppDelegate.swift */,
			);
			path = Delegates;
			sourceTree = "<group>";
		};
		6890B8411F7CC3B200ACB755 /* Resources */ = {
			isa = PBXGroup;
			children = (
				6890B8181F7CC25500ACB755 /* Assets.xcassets */,
			);
			path = Resources;
			sourceTree = "<group>";
		};
		6890B8421F7CC3BF00ACB755 /* Storyboards */ = {
			isa = PBXGroup;
			children = (
				6890B8151F7CC25500ACB755 /* Main.storyboard */,
				6890B81A1F7CC25500ACB755 /* LaunchScreen.storyboard */,
			);
			path = Storyboards;
			sourceTree = "<group>";
		};
		6890B8431F7CC3C600ACB755 /* SupportingFiles */ = {
			isa = PBXGroup;
			children = (
				6890B81D1F7CC25500ACB755 /* Info.plist */,
			);
			path = SupportingFiles;
			sourceTree = "<group>";
		};
		6890B8441F7CC3CF00ACB755 /* ViewControllers */ = {
			isa = PBXGroup;
			children = (
				34E9D7A620B7CAA100009894 /* RootViewController */,
				34CF359420B938F900EA5B4F /* LocationsViewController */,
				34CF357120B8FB7E00EA5B4F /* SettingsViewController */,
				34E9D79F20B7B93D00009894 /* WeatherViewControllers */,
			);
			path = ViewControllers;
			sourceTree = "<group>";
		};
		7471EE52240C16151A52B232 /* Frameworks */ = {
			isa = PBXGroup;
			children = (
				96E2E5499594E13C20A037C8 /* Pods_Sky.framework */,
			);
			name = Frameworks;
			sourceTree = "<group>";
		};
/* End PBXGroup section */

/* Begin PBXNativeTarget section */
		6890B80D1F7CC25500ACB755 /* Sky */ = {
			isa = PBXNativeTarget;
			buildConfigurationList = 6890B8361F7CC25500ACB755 /* Build configuration list for PBXNativeTarget "Sky" */;
			buildPhases = (
				5EBE2E9BFF92654B523FC452 /* [CP] Check Pods Manifest.lock */,
				6890B80A1F7CC25500ACB755 /* Sources */,
				6890B80B1F7CC25500ACB755 /* Frameworks */,
				6890B80C1F7CC25500ACB755 /* Resources */,
				343563B8E53C0CA6067B53A3 /* [CP] Embed Pods Frameworks */,
				F4B22563C166DAEB6F53716D /* [CP] Copy Pods Resources */,
			);
			buildRules = (
			);
			dependencies = (
			);
			name = Sky;
			productName = Sky;
			productReference = 6890B80E1F7CC25500ACB755 /* Sky.app */;
			productType = "com.apple.product-type.application";
		};
		6890B8211F7CC25500ACB755 /* SkyTests */ = {
			isa = PBXNativeTarget;
			buildConfigurationList = 6890B8391F7CC25500ACB755 /* Build configuration list for PBXNativeTarget "SkyTests" */;
			buildPhases = (
				6890B81E1F7CC25500ACB755 /* Sources */,
				6890B81F1F7CC25500ACB755 /* Frameworks */,
				6890B8201F7CC25500ACB755 /* Resources */,
			);
			buildRules = (
			);
			dependencies = (
				6890B8241F7CC25500ACB755 /* PBXTargetDependency */,
			);
			name = SkyTests;
			productName = SkyTests;
			productReference = 6890B8221F7CC25500ACB755 /* SkyTests.xctest */;
			productType = "com.apple.product-type.bundle.unit-test";
		};
		6890B82C1F7CC25500ACB755 /* SkyUITests */ = {
			isa = PBXNativeTarget;
			buildConfigurationList = 6890B83C1F7CC25500ACB755 /* Build configuration list for PBXNativeTarget "SkyUITests" */;
			buildPhases = (
				6890B8291F7CC25500ACB755 /* Sources */,
				6890B82A1F7CC25500ACB755 /* Frameworks */,
				6890B82B1F7CC25500ACB755 /* Resources */,
			);
			buildRules = (
			);
			dependencies = (
				6890B82F1F7CC25500ACB755 /* PBXTargetDependency */,
			);
			name = SkyUITests;
			productName = SkyUITests;
			productReference = 6890B82D1F7CC25500ACB755 /* SkyUITests.xctest */;
			productType = "com.apple.product-type.bundle.ui-testing";
		};
/* End PBXNativeTarget section */

/* Begin PBXProject section */
		6890B8061F7CC25500ACB755 /* Project object */ = {
			isa = PBXProject;
			attributes = {
				LastSwiftUpdateCheck = 0900;
				LastUpgradeCheck = 0930;
				ORGANIZATIONNAME = Mars;
				TargetAttributes = {
					6890B80D1F7CC25500ACB755 = {
						CreatedOnToolsVersion = 9.0;
						ProvisioningStyle = Manual;
					};
					6890B8211F7CC25500ACB755 = {
						CreatedOnToolsVersion = 9.0;
						LastSwiftMigration = 0930;
						ProvisioningStyle = Manual;
						TestTargetID = 6890B80D1F7CC25500ACB755;
					};
					6890B82C1F7CC25500ACB755 = {
						CreatedOnToolsVersion = 9.0;
						LastSwiftMigration = 0930;
						ProvisioningStyle = Automatic;
						TestTargetID = 6890B80D1F7CC25500ACB755;
					};
				};
			};
			buildConfigurationList = 6890B8091F7CC25500ACB755 /* Build configuration list for PBXProject "Sky" */;
			compatibilityVersion = "Xcode 8.0";
			developmentRegion = en;
			hasScannedForEncodings = 0;
			knownRegions = (
				en,
				Base,
			);
			mainGroup = 6890B8051F7CC25500ACB755;
			productRefGroup = 6890B80F1F7CC25500ACB755 /* Products */;
			projectDirPath = "";
			projectRoot = "";
			targets = (
				6890B80D1F7CC25500ACB755 /* Sky */,
				6890B8211F7CC25500ACB755 /* SkyTests */,
				6890B82C1F7CC25500ACB755 /* SkyUITests */,
			);
		};
/* End PBXProject section */

/* Begin PBXResourcesBuildPhase section */
		6890B80C1F7CC25500ACB755 /* Resources */ = {
			isa = PBXResourcesBuildPhase;
			buildActionMask = 2147483647;
			files = (
				6890B81C1F7CC25500ACB755 /* LaunchScreen.storyboard in Resources */,
				6890B8461F7CC4D700ACB755 /* Default-568h@2x.png in Resources */,
				6890B8191F7CC25500ACB755 /* Assets.xcassets in Resources */,
				6890B8171F7CC25500ACB755 /* Main.storyboard in Resources */,
			);
			runOnlyForDeploymentPostprocessing = 0;
		};
		6890B8201F7CC25500ACB755 /* Resources */ = {
			isa = PBXResourcesBuildPhase;
			buildActionMask = 2147483647;
			files = (
				34CF358920B922C800EA5B4F /* DarkSky.json in Resources */,
			);
			runOnlyForDeploymentPostprocessing = 0;
		};
		6890B82B1F7CC25500ACB755 /* Resources */ = {
			isa = PBXResourcesBuildPhase;
			buildActionMask = 2147483647;
			files = (
			);
			runOnlyForDeploymentPostprocessing = 0;
		};
/* End PBXResourcesBuildPhase section */

/* Begin PBXShellScriptBuildPhase section */
		343563B8E53C0CA6067B53A3 /* [CP] Embed Pods Frameworks */ = {
			isa = PBXShellScriptBuildPhase;
			buildActionMask = 2147483647;
			files = (
			);
			inputPaths = (
				"${SRCROOT}/Pods/Target Support Files/Pods-Sky/Pods-Sky-frameworks.sh",
				"${BUILT_PRODUCTS_DIR}/RxCocoa/RxCocoa.framework",
				"${BUILT_PRODUCTS_DIR}/RxSwift/RxSwift.framework",
			);
			name = "[CP] Embed Pods Frameworks";
			outputPaths = (
				"${TARGET_BUILD_DIR}/${FRAMEWORKS_FOLDER_PATH}/RxCocoa.framework",
				"${TARGET_BUILD_DIR}/${FRAMEWORKS_FOLDER_PATH}/RxSwift.framework",
			);
			runOnlyForDeploymentPostprocessing = 0;
			shellPath = /bin/sh;
			shellScript = "\"${SRCROOT}/Pods/Target Support Files/Pods-Sky/Pods-Sky-frameworks.sh\"\n";
			showEnvVarsInLog = 0;
		};
		5EBE2E9BFF92654B523FC452 /* [CP] Check Pods Manifest.lock */ = {
			isa = PBXShellScriptBuildPhase;
			buildActionMask = 2147483647;
			files = (
			);
			inputPaths = (
				"${PODS_PODFILE_DIR_PATH}/Podfile.lock",
				"${PODS_ROOT}/Manifest.lock",
			);
			name = "[CP] Check Pods Manifest.lock";
			outputPaths = (
				"$(DERIVED_FILE_DIR)/Pods-Sky-checkManifestLockResult.txt",
			);
			runOnlyForDeploymentPostprocessing = 0;
			shellPath = /bin/sh;
			shellScript = "diff \"${PODS_PODFILE_DIR_PATH}/Podfile.lock\" \"${PODS_ROOT}/Manifest.lock\" > /dev/null\nif [ $? != 0 ] ; then\n    # print error to STDERR\n    echo \"error: The sandbox is not in sync with the Podfile.lock. Run 'pod install' or update your CocoaPods installation.\" >&2\n    exit 1\nfi\n# This output is used by Xcode 'outputs' to avoid re-running this script phase.\necho \"SUCCESS\" > \"${SCRIPT_OUTPUT_FILE_0}\"\n";
			showEnvVarsInLog = 0;
		};
		F4B22563C166DAEB6F53716D /* [CP] Copy Pods Resources */ = {
			isa = PBXShellScriptBuildPhase;
			buildActionMask = 2147483647;
			files = (
			);
			inputPaths = (
			);
			name = "[CP] Copy Pods Resources";
			outputPaths = (
			);
			runOnlyForDeploymentPostprocessing = 0;
			shellPath = /bin/sh;
			shellScript = "\"${SRCROOT}/Pods/Target Support Files/Pods-Sky/Pods-Sky-resources.sh\"\n";
			showEnvVarsInLog = 0;
		};
/* End PBXShellScriptBuildPhase section */

/* Begin PBXSourcesBuildPhase section */
		6890B80A1F7CC25500ACB755 /* Sources */ = {
			isa = PBXSourcesBuildPhase;
			buildActionMask = 2147483647;
			files = (
				34E9D79320B71A8500009894 /* URLSessionProtocol.swift in Sources */,
				34E9D78E20B70DB300009894 /* WeatherDataManager.swift in Sources */,
				34E9D79A20B793B500009894 /* URLSessionDataTaskProtocol.swift in Sources */,
				34CF356E20B85C3600EA5B4F /* WeekWeatherViewModel.swift in Sources */,
				34E9D79C20B793DB00009894 /* URLSessionDataTask.swift in Sources */,
				34E9D7A520B7C00700009894 /* Double.swift in Sources */,
				34CF359D20B93AA400EA5B4F /* LocationTableViewCell.swift in Sources */,
				34CF35A720B955AD00EA5B4F /* AddLocationViewModel.swift in Sources */,
				34CF356720B855AA00EA5B4F /* WeekWeatherViewController.swift in Sources */,
				34CF359620B9392B00EA5B4F /* LocationsViewController.swift in Sources */,
				34CF356A20B8569100EA5B4F /* WeekWeatherTableViewCell.swift in Sources */,
				34E9D79620B792E100009894 /* URLSession.swift in Sources */,
				34CF35A320B93B5E00EA5B4F /* LocationsViewModel.swift in Sources */,
				34CF356320B83F3300EA5B4F /* UIImage.swift in Sources */,
				34CF357920B90B9500EA5B4F /* SettingsDateViewModel.swift in Sources */,
				34E9D78620B70A6100009894 /* Configuration.swift in Sources */,
				34CF358020B913EB00EA5B4F /* WeekWeatherDayViewModel.swift in Sources */,
				34F325AE20B981E1004A68D0 /* CurrentLocationViewModel.swift in Sources */,
				34CF35A020B93B2800EA5B4F /* LocationRepresentable.swift in Sources */,
				34CF357420B8FBAA00EA5B4F /* SettingsTableViewCell.swift in Sources */,
				34E9D78B20B70C1900009894 /* WeatherData.swift in Sources */,
				6890B8141F7CC25500ACB755 /* RootViewController.swift in Sources */,
				34F325B420B9A8B6004A68D0 /* UIViewController.swift in Sources */,
				34CF357620B8FC5C00EA5B4F /* SettingsTableViewController.swift in Sources */,
				34CF359A20B93A1F00EA5B4F /* AddLocationViewController.swift in Sources */,
				34CF357E20B911C600EA5B4F /* SettingsContent.swift in Sources */,
				34CF358320B915BB00EA5B4F /* WeekWeatherDayRepresentable.swift in Sources */,
				34CF35A520B93C6F00EA5B4F /* CLLocation.swift in Sources */,
				34CF357B20B90BA700EA5B4F /* SettingsTemperatureViewModel.swift in Sources */,
				34E9D78920B70B9600009894 /* Location.swift in Sources */,
				6890B8121F7CC25500ACB755 /* AppDelegate.swift in Sources */,
				34E9D7A120B7B97400009894 /* WeatherViewController.swift in Sources */,
				34F325B220B9A09F004A68D0 /* Date.swift in Sources */,
				34CF357020B8F67500EA5B4F /* UserDefaults.swift in Sources */,
				34E9D7A320B7BDA400009894 /* CurrentWeatherViewController.swift in Sources */,
				34F325B020B99010004A68D0 /* CLLocationManager+Rx.swift in Sources */,
				34CF356C20B85BDB00EA5B4F /* ForecastData.swift in Sources */,
				34CF356120B83E1D00EA5B4F /* CurrentWeatherViewModel.swift in Sources */,
			);
			runOnlyForDeploymentPostprocessing = 0;
		};
		6890B81E1F7CC25500ACB755 /* Sources */ = {
			isa = PBXSourcesBuildPhase;
			buildActionMask = 2147483647;
			files = (
				34E9D79E20B7951D00009894 /* MockURLSessionDataTask.swift in Sources */,
				34CF359320B926D500EA5B4F /* WeekWeatherDayViewMode.swift in Sources */,
				34E9D79820B7932700009894 /* MockURLSession.swift in Sources */,
				34CF358D20B923B000EA5B4F /* SettingsDateViewModelTests.swift in Sources */,
				34CF358F20B926B400EA5B4F /* CurrentWeatherViewModelTest.swift in Sources */,
				34CF358620B9222100EA5B4F /* XCTestCase.swift in Sources */,
				34E9D79020B7153700009894 /* WeatherDataManagerTest.swift in Sources */,
				34CF359120B926C600EA5B4F /* WeekWeatherViewModel.swift in Sources */,
			);
			runOnlyForDeploymentPostprocessing = 0;
		};
		6890B8291F7CC25500ACB755 /* Sources */ = {
			isa = PBXSourcesBuildPhase;
			buildActionMask = 2147483647;
			files = (
				34CF356520B843F300EA5B4F /* CurrentWeatherUITests.swift in Sources */,
			);
			runOnlyForDeploymentPostprocessing = 0;
		};
/* End PBXSourcesBuildPhase section */

/* Begin PBXTargetDependency section */
		6890B8241F7CC25500ACB755 /* PBXTargetDependency */ = {
			isa = PBXTargetDependency;
			target = 6890B80D1F7CC25500ACB755 /* Sky */;
			targetProxy = 6890B8231F7CC25500ACB755 /* PBXContainerItemProxy */;
		};
		6890B82F1F7CC25500ACB755 /* PBXTargetDependency */ = {
			isa = PBXTargetDependency;
			target = 6890B80D1F7CC25500ACB755 /* Sky */;
			targetProxy = 6890B82E1F7CC25500ACB755 /* PBXContainerItemProxy */;
		};
/* End PBXTargetDependency section */

/* Begin PBXVariantGroup section */
		6890B8151F7CC25500ACB755 /* Main.storyboard */ = {
			isa = PBXVariantGroup;
			children = (
				6890B8161F7CC25500ACB755 /* Base */,
			);
			name = Main.storyboard;
			sourceTree = "<group>";
		};
		6890B81A1F7CC25500ACB755 /* LaunchScreen.storyboard */ = {
			isa = PBXVariantGroup;
			children = (
				6890B81B1F7CC25500ACB755 /* Base */,
			);
			name = LaunchScreen.storyboard;
			sourceTree = "<group>";
		};
/* End PBXVariantGroup section */

/* Begin XCBuildConfiguration section */
		6890B8341F7CC25500ACB755 /* Debug */ = {
			isa = XCBuildConfiguration;
			buildSettings = {
				ALWAYS_SEARCH_USER_PATHS = NO;
				CLANG_ANALYZER_NONNULL = YES;
				CLANG_ANALYZER_NUMBER_OBJECT_CONVERSION = YES_AGGRESSIVE;
				CLANG_CXX_LANGUAGE_STANDARD = "gnu++14";
				CLANG_CXX_LIBRARY = "libc++";
				CLANG_ENABLE_MODULES = YES;
				CLANG_ENABLE_OBJC_ARC = YES;
				CLANG_WARN_BLOCK_CAPTURE_AUTORELEASING = YES;
				CLANG_WARN_BOOL_CONVERSION = YES;
				CLANG_WARN_COMMA = YES;
				CLANG_WARN_CONSTANT_CONVERSION = YES;
				CLANG_WARN_DEPRECATED_OBJC_IMPLEMENTATIONS = YES;
				CLANG_WARN_DIRECT_OBJC_ISA_USAGE = YES_ERROR;
				CLANG_WARN_DOCUMENTATION_COMMENTS = YES;
				CLANG_WARN_EMPTY_BODY = YES;
				CLANG_WARN_ENUM_CONVERSION = YES;
				CLANG_WARN_INFINITE_RECURSION = YES;
				CLANG_WARN_INT_CONVERSION = YES;
				CLANG_WARN_NON_LITERAL_NULL_CONVERSION = YES;
				CLANG_WARN_OBJC_IMPLICIT_RETAIN_SELF = YES;
				CLANG_WARN_OBJC_LITERAL_CONVERSION = YES;
				CLANG_WARN_OBJC_ROOT_CLASS = YES_ERROR;
				CLANG_WARN_RANGE_LOOP_ANALYSIS = YES;
				CLANG_WARN_STRICT_PROTOTYPES = YES;
				CLANG_WARN_SUSPICIOUS_MOVE = YES;
				CLANG_WARN_UNGUARDED_AVAILABILITY = YES_AGGRESSIVE;
				CLANG_WARN_UNREACHABLE_CODE = YES;
				CLANG_WARN__DUPLICATE_METHOD_MATCH = YES;
				CODE_SIGN_IDENTITY = "iPhone Developer";
				COPY_PHASE_STRIP = NO;
				DEBUG_INFORMATION_FORMAT = dwarf;
				ENABLE_STRICT_OBJC_MSGSEND = YES;
				ENABLE_TESTABILITY = YES;
				GCC_C_LANGUAGE_STANDARD = gnu11;
				GCC_DYNAMIC_NO_PIC = NO;
				GCC_NO_COMMON_BLOCKS = YES;
				GCC_OPTIMIZATION_LEVEL = 0;
				GCC_PREPROCESSOR_DEFINITIONS = (
					"DEBUG=1",
					"$(inherited)",
				);
				GCC_WARN_64_TO_32_BIT_CONVERSION = YES;
				GCC_WARN_ABOUT_RETURN_TYPE = YES_ERROR;
				GCC_WARN_UNDECLARED_SELECTOR = YES;
				GCC_WARN_UNINITIALIZED_AUTOS = YES_AGGRESSIVE;
				GCC_WARN_UNUSED_FUNCTION = YES;
				GCC_WARN_UNUSED_VARIABLE = YES;
				IPHONEOS_DEPLOYMENT_TARGET = 9.0;
				MTL_ENABLE_DEBUG_INFO = YES;
				ONLY_ACTIVE_ARCH = YES;
				SDKROOT = iphoneos;
				SWIFT_ACTIVE_COMPILATION_CONDITIONS = DEBUG;
				SWIFT_OPTIMIZATION_LEVEL = "-Onone";
			};
			name = Debug;
		};
		6890B8351F7CC25500ACB755 /* Release */ = {
			isa = XCBuildConfiguration;
			buildSettings = {
				ALWAYS_SEARCH_USER_PATHS = NO;
				CLANG_ANALYZER_NONNULL = YES;
				CLANG_ANALYZER_NUMBER_OBJECT_CONVERSION = YES_AGGRESSIVE;
				CLANG_CXX_LANGUAGE_STANDARD = "gnu++14";
				CLANG_CXX_LIBRARY = "libc++";
				CLANG_ENABLE_MODULES = YES;
				CLANG_ENABLE_OBJC_ARC = YES;
				CLANG_WARN_BLOCK_CAPTURE_AUTORELEASING = YES;
				CLANG_WARN_BOOL_CONVERSION = YES;
				CLANG_WARN_COMMA = YES;
				CLANG_WARN_CONSTANT_CONVERSION = YES;
				CLANG_WARN_DEPRECATED_OBJC_IMPLEMENTATIONS = YES;
				CLANG_WARN_DIRECT_OBJC_ISA_USAGE = YES_ERROR;
				CLANG_WARN_DOCUMENTATION_COMMENTS = YES;
				CLANG_WARN_EMPTY_BODY = YES;
				CLANG_WARN_ENUM_CONVERSION = YES;
				CLANG_WARN_INFINITE_RECURSION = YES;
				CLANG_WARN_INT_CONVERSION = YES;
				CLANG_WARN_NON_LITERAL_NULL_CONVERSION = YES;
				CLANG_WARN_OBJC_IMPLICIT_RETAIN_SELF = YES;
				CLANG_WARN_OBJC_LITERAL_CONVERSION = YES;
				CLANG_WARN_OBJC_ROOT_CLASS = YES_ERROR;
				CLANG_WARN_RANGE_LOOP_ANALYSIS = YES;
				CLANG_WARN_STRICT_PROTOTYPES = YES;
				CLANG_WARN_SUSPICIOUS_MOVE = YES;
				CLANG_WARN_UNGUARDED_AVAILABILITY = YES_AGGRESSIVE;
				CLANG_WARN_UNREACHABLE_CODE = YES;
				CLANG_WARN__DUPLICATE_METHOD_MATCH = YES;
				CODE_SIGN_IDENTITY = "iPhone Developer";
				COPY_PHASE_STRIP = NO;
				DEBUG_INFORMATION_FORMAT = "dwarf-with-dsym";
				ENABLE_NS_ASSERTIONS = NO;
				ENABLE_STRICT_OBJC_MSGSEND = YES;
				GCC_C_LANGUAGE_STANDARD = gnu11;
				GCC_NO_COMMON_BLOCKS = YES;
				GCC_WARN_64_TO_32_BIT_CONVERSION = YES;
				GCC_WARN_ABOUT_RETURN_TYPE = YES_ERROR;
				GCC_WARN_UNDECLARED_SELECTOR = YES;
				GCC_WARN_UNINITIALIZED_AUTOS = YES_AGGRESSIVE;
				GCC_WARN_UNUSED_FUNCTION = YES;
				GCC_WARN_UNUSED_VARIABLE = YES;
				IPHONEOS_DEPLOYMENT_TARGET = 9.0;
				MTL_ENABLE_DEBUG_INFO = NO;
				SDKROOT = iphoneos;
				SWIFT_OPTIMIZATION_LEVEL = "-Owholemodule";
				VALIDATE_PRODUCT = YES;
			};
			name = Release;
		};
		6890B8371F7CC25500ACB755 /* Debug */ = {
			isa = XCBuildConfiguration;
			baseConfigurationReference = 662C37290C47580F7D0D3651 /* Pods-Sky.debug.xcconfig */;
			buildSettings = {
				ASSETCATALOG_COMPILER_APPICON_NAME = AppIcon;
				CODE_SIGN_IDENTITY = "iPhone Developer";
				CODE_SIGN_STYLE = Manual;
				DEVELOPMENT_TEAM = 6SB824SJ7Y;
				INFOPLIST_FILE = Sky/SupportingFiles/Info.plist;
				LD_RUNPATH_SEARCH_PATHS = "$(inherited) @executable_path/Frameworks";
				PRODUCT_BUNDLE_IDENTIFIER = com.ronanstudio.sky;
				PRODUCT_NAME = "$(TARGET_NAME)";
				PROVISIONING_PROFILE = "3f050ebd-e448-4592-8bde-e795522a7f24";
				PROVISIONING_PROFILE_SPECIFIER = RSDevelop;
				SWIFT_VERSION = 4.0;
				TARGETED_DEVICE_FAMILY = "1,2";
			};
			name = Debug;
		};
		6890B8381F7CC25500ACB755 /* Release */ = {
			isa = XCBuildConfiguration;
			baseConfigurationReference = A3640F361F47BCC824DE138B /* Pods-Sky.release.xcconfig */;
			buildSettings = {
				ASSETCATALOG_COMPILER_APPICON_NAME = AppIcon;
				CODE_SIGN_IDENTITY = "iPhone Developer";
				CODE_SIGN_STYLE = Manual;
				DEVELOPMENT_TEAM = 6SB824SJ7Y;
				INFOPLIST_FILE = Sky/SupportingFiles/Info.plist;
				LD_RUNPATH_SEARCH_PATHS = "$(inherited) @executable_path/Frameworks";
				PRODUCT_BUNDLE_IDENTIFIER = com.ronanstudio.sky;
				PRODUCT_NAME = "$(TARGET_NAME)";
				PROVISIONING_PROFILE = "3f050ebd-e448-4592-8bde-e795522a7f24";
				PROVISIONING_PROFILE_SPECIFIER = RSDevelop;
				SWIFT_VERSION = 4.0;
				TARGETED_DEVICE_FAMILY = "1,2";
			};
			name = Release;
		};
		6890B83A1F7CC25500ACB755 /* Debug */ = {
			isa = XCBuildConfiguration;
			buildSettings = {
				ALWAYS_EMBED_SWIFT_STANDARD_LIBRARIES = YES;
				BUNDLE_LOADER = "$(TEST_HOST)";
				CLANG_ENABLE_MODULES = YES;
				CODE_SIGN_STYLE = Manual;
				DEVELOPMENT_TEAM = 6SB824SJ7Y;
				INFOPLIST_FILE = SkyTests/SupportingFiles/Info.plist;
				LD_RUNPATH_SEARCH_PATHS = "$(inherited) @executable_path/Frameworks @loader_path/Frameworks";
				PRODUCT_BUNDLE_IDENTIFIER = Bx.SkyTests;
				PRODUCT_NAME = "$(TARGET_NAME)";
				PROVISIONING_PROFILE_SPECIFIER = "";
				SWIFT_OPTIMIZATION_LEVEL = "-Onone";
				SWIFT_VERSION = 4.0;
				TARGETED_DEVICE_FAMILY = "1,2";
				TEST_HOST = "$(BUILT_PRODUCTS_DIR)/Sky.app/Sky";
			};
			name = Debug;
		};
		6890B83B1F7CC25500ACB755 /* Release */ = {
			isa = XCBuildConfiguration;
			buildSettings = {
				ALWAYS_EMBED_SWIFT_STANDARD_LIBRARIES = YES;
				BUNDLE_LOADER = "$(TEST_HOST)";
				CLANG_ENABLE_MODULES = YES;
				CODE_SIGN_STYLE = Manual;
				DEVELOPMENT_TEAM = "";
				INFOPLIST_FILE = SkyTests/SupportingFiles/Info.plist;
				LD_RUNPATH_SEARCH_PATHS = "$(inherited) @executable_path/Frameworks @loader_path/Frameworks";
				PRODUCT_BUNDLE_IDENTIFIER = Bx.SkyTests;
				PRODUCT_NAME = "$(TARGET_NAME)";
				PROVISIONING_PROFILE_SPECIFIER = "";
				SWIFT_VERSION = 4.0;
				TARGETED_DEVICE_FAMILY = "1,2";
				TEST_HOST = "$(BUILT_PRODUCTS_DIR)/Sky.app/Sky";
			};
			name = Release;
		};
		6890B83D1F7CC25500ACB755 /* Debug */ = {
			isa = XCBuildConfiguration;
			buildSettings = {
				ALWAYS_EMBED_SWIFT_STANDARD_LIBRARIES = YES;
				CLANG_ENABLE_MODULES = YES;
				CODE_SIGN_IDENTITY = "iPhone Developer";
				CODE_SIGN_STYLE = Automatic;
				DEVELOPMENT_TEAM = 6SB824SJ7Y;
				INFOPLIST_FILE = SkyUITests/Info.plist;
				LD_RUNPATH_SEARCH_PATHS = "$(inherited) @executable_path/Frameworks @loader_path/Frameworks";
				PRODUCT_BUNDLE_IDENTIFIER = Bx.SkyUITests;
				PRODUCT_NAME = "$(TARGET_NAME)";
				PROVISIONING_PROFILE_SPECIFIER = "";
				SWIFT_OPTIMIZATION_LEVEL = "-Onone";
				SWIFT_VERSION = 4.0;
				TARGETED_DEVICE_FAMILY = "1,2";
				TEST_TARGET_NAME = Sky;
			};
			name = Debug;
		};
		6890B83E1F7CC25500ACB755 /* Release */ = {
			isa = XCBuildConfiguration;
			buildSettings = {
				ALWAYS_EMBED_SWIFT_STANDARD_LIBRARIES = YES;
				CLANG_ENABLE_MODULES = YES;
				CODE_SIGN_IDENTITY = "iPhone Developer";
				CODE_SIGN_STYLE = Automatic;
				DEVELOPMENT_TEAM = 6SB824SJ7Y;
				INFOPLIST_FILE = SkyUITests/Info.plist;
				LD_RUNPATH_SEARCH_PATHS = "$(inherited) @executable_path/Frameworks @loader_path/Frameworks";
				PRODUCT_BUNDLE_IDENTIFIER = Bx.SkyUITests;
				PRODUCT_NAME = "$(TARGET_NAME)";
				PROVISIONING_PROFILE_SPECIFIER = "";
				SWIFT_VERSION = 4.0;
				TARGETED_DEVICE_FAMILY = "1,2";
				TEST_TARGET_NAME = Sky;
			};
			name = Release;
		};
/* End XCBuildConfiguration section */

/* Begin XCConfigurationList section */
		6890B8091F7CC25500ACB755 /* Build configuration list for PBXProject "Sky" */ = {
			isa = XCConfigurationList;
			buildConfigurations = (
				6890B8341F7CC25500ACB755 /* Debug */,
				6890B8351F7CC25500ACB755 /* Release */,
			);
			defaultConfigurationIsVisible = 0;
			defaultConfigurationName = Release;
		};
		6890B8361F7CC25500ACB755 /* Build configuration list for PBXNativeTarget "Sky" */ = {
			isa = XCConfigurationList;
			buildConfigurations = (
				6890B8371F7CC25500ACB755 /* Debug */,
				6890B8381F7CC25500ACB755 /* Release */,
			);
			defaultConfigurationIsVisible = 0;
			defaultConfigurationName = Release;
		};
		6890B8391F7CC25500ACB755 /* Build configuration list for PBXNativeTarget "SkyTests" */ = {
			isa = XCConfigurationList;
			buildConfigurations = (
				6890B83A1F7CC25500ACB755 /* Debug */,
				6890B83B1F7CC25500ACB755 /* Release */,
			);
			defaultConfigurationIsVisible = 0;
			defaultConfigurationName = Release;
		};
		6890B83C1F7CC25500ACB755 /* Build configuration list for PBXNativeTarget "SkyUITests" */ = {
			isa = XCConfigurationList;
			buildConfigurations = (
				6890B83D1F7CC25500ACB755 /* Debug */,
				6890B83E1F7CC25500ACB755 /* Release */,
			);
			defaultConfigurationIsVisible = 0;
			defaultConfigurationName = Release;
		};
/* End XCConfigurationList section */
	};
	rootObject = 6890B8061F7CC25500ACB755 /* Project object */;
}
